
Microsoft Visual Studio Solution File, Format Version 12.00
# Visual Studio 15
VisualStudioVersion = 15.0.28307.136
MinimumVisualStudioVersion = 10.0.40219.1
Project("{FAE04EC0-301F-11D3-BF4B-00C04F79EFBC}") = "0022", "0022\0022.csproj", "{037BFE34-12E6-4224-91F7-86451A3AB56F}"
EndProject
Global
	GlobalSection(SolutionConfigurationPlatforms) = preSolution
		Debug|Any CPU = Debug|Any CPU
		Release|Any CPU = Release|Any CPU
	EndGlobalSection
	GlobalSection(ProjectConfigurationPlatforms) = postSolution
		{037BFE34-12E6-4224-91F7-86451A3AB56F}.Debug|Any CPU.ActiveCfg = Debug|Any CPU
		{037BFE34-12E6-4224-91F7-86451A3AB56F}.Debug|Any CPU.Build.0 = Debug|Any CPU
		{037BFE34-12E6-4224-91F7-86451A3AB56F}.Release|Any CPU.ActiveCfg = Release|Any CPU
		{037BFE34-12E6-4224-91F7-86451A3AB56F}.Release|Any CPU.Build.0 = Release|Any CPU
	EndGlobalSection
	GlobalSection(SolutionProperties) = preSolution
		HideSolutionNode = FALSE
	EndGlobalSection
	GlobalSection(ExtensibilityGlobals) = postSolution
		SolutionGuid = {3B490169-8907-49EA-9941-9D193F4F3A10}
	EndGlobalSection
EndGlobal
