
Microsoft Visual Studio Solution File, Format Version 12.00
# Visual Studio Version 16
VisualStudioVersion = 16.0.28407.52
MinimumVisualStudioVersion = 10.0.40219.1
Project("{FAE04EC0-301F-11D3-BF4B-00C04F79EFBC}") = "Guess Number", "Guess Number\Guess Number.csproj", "{BB061B2E-F0C7-49B5-AAED-1628F4F435D5}"
EndProject
Global
	GlobalSection(SolutionConfigurationPlatforms) = preSolution
		Debug|Any CPU = Debug|Any CPU
		Release|Any CPU = Release|Any CPU
	EndGlobalSection
	GlobalSection(ProjectConfigurationPlatforms) = postSolution
		{BB061B2E-F0C7-49B5-AAED-1628F4F435D5}.Debug|Any CPU.ActiveCfg = Debug|Any CPU
		{BB061B2E-F0C7-49B5-AAED-1628F4F435D5}.Debug|Any CPU.Build.0 = Debug|Any CPU
		{BB061B2E-F0C7-49B5-AAED-1628F4F435D5}.Release|Any CPU.ActiveCfg = Release|Any CPU
		{BB061B2E-F0C7-49B5-AAED-1628F4F435D5}.Release|Any CPU.Build.0 = Release|Any CPU
	EndGlobalSection
	GlobalSection(SolutionProperties) = preSolution
		HideSolutionNode = FALSE
	EndGlobalSection
	GlobalSection(ExtensibilityGlobals) = postSolution
		SolutionGuid = {1D8B35C6-CC59-497D-A0E0-6C3962CE4684}
	EndGlobalSection
EndGlobal
