
Microsoft Visual Studio Solution File, Format Version 12.00
# Visual Studio 15
VisualStudioVersion = 15.0.28307.136
MinimumVisualStudioVersion = 10.0.40219.1
Project("{FAE04EC0-301F-11D3-BF4B-00C04F79EFBC}") = "0016", "0016\0016.csproj", "{87E5A02B-AA45-42A3-971D-BF49584CC8F5}"
EndProject
Global
	GlobalSection(SolutionConfigurationPlatforms) = preSolution
		Debug|Any CPU = Debug|Any CPU
		Release|Any CPU = Release|Any CPU
	EndGlobalSection
	GlobalSection(ProjectConfigurationPlatforms) = postSolution
		{87E5A02B-AA45-42A3-971D-BF49584CC8F5}.Debug|Any CPU.ActiveCfg = Debug|Any CPU
		{87E5A02B-AA45-42A3-971D-BF49584CC8F5}.Debug|Any CPU.Build.0 = Debug|Any CPU
		{87E5A02B-AA45-42A3-971D-BF49584CC8F5}.Release|Any CPU.ActiveCfg = Release|Any CPU
		{87E5A02B-AA45-42A3-971D-BF49584CC8F5}.Release|Any CPU.Build.0 = Release|Any CPU
	EndGlobalSection
	GlobalSection(SolutionProperties) = preSolution
		HideSolutionNode = FALSE
	EndGlobalSection
	GlobalSection(ExtensibilityGlobals) = postSolution
		SolutionGuid = {E0D95473-745A-4AE6-9F06-032977CD3BA1}
	EndGlobalSection
EndGlobal
